{
  "name": "asp.net",
  "version": "1.0.0",
  "lockfileVersion": 2,
  "requires": true,
  "packages": {
    "": {
      "name": "asp.net",
      "version": "1.0.0",
      "devDependencies": {
        "@syncfusion/ej2-js-es5": "^19.4.38"
      }
    },
    "node_modules/@syncfusion/ej2-js-es5": {
      "version": "19.4.38",
      "resolved": "https://registry.npmjs.org/@syncfusion/ej2-js-es5/-/ej2-js-es5-19.4.38.tgz",
      "integrity": "sha512-ums/vwTnTvSWm6+6jUFGbvlsR87IjqYmQmvg3rMrlJ0/5X8cVPVd9VRUnbHsPQr/FxL3MyebGWwUznH54i3eDg==",
      "dev": true
    }
  },
  "dependencies": {
    "@syncfusion/ej2-js-es5": {
      "version": "19.4.38",
      "resolved": "https://registry.npmjs.org/@syncfusion/ej2-js-es5/-/ej2-js-es5-19.4.38.tgz",
      "integrity": "sha512-ums/vwTnTvSWm6+6jUFGbvlsR87IjqYmQmvg3rMrlJ0/5X8cVPVd9VRUnbHsPQr/FxL3MyebGWwUznH54i3eDg==",
      "dev": true
    }
  }
}
